
Microsoft Visual Studio Solution File, Format Version 12.00
Project("{FAE04EC0-301F-11D3-BF4B-00C04F79EFBC}") = "Waluty", "Waluty\Waluty.csproj", "{366F50C0-BE05-4A0E-A317-F8757A61CEA3}"
EndProject
Global
	GlobalSection(SolutionConfigurationPlatforms) = preSolution
		Debug|Any CPU = Debug|Any CPU
		Release|Any CPU = Release|Any CPU
	EndGlobalSection
	GlobalSection(ProjectConfigurationPlatforms) = postSolution
		{366F50C0-BE05-4A0E-A317-F8757A61CEA3}.Debug|Any CPU.ActiveCfg = Debug|Any CPU
		{366F50C0-BE05-4A0E-A317-F8757A61CEA3}.Debug|Any CPU.Build.0 = Debug|Any CPU
		{366F50C0-BE05-4A0E-A317-F8757A61CEA3}.Release|Any CPU.ActiveCfg = Release|Any CPU
		{366F50C0-BE05-4A0E-A317-F8757A61CEA3}.Release|Any CPU.Build.0 = Release|Any CPU
	EndGlobalSection
EndGlobal
